
Microsoft Visual Studio Solution File, Format Version 12.00
# Visual Studio Version 17
VisualStudioVersion = 17.2.32630.192
MinimumVisualStudioVersion = 10.0.40219.1
Project("{FAE04EC0-301F-11D3-BF4B-00C04F79EFBC}") = "AspDotNetLab2", "AspDotNetLab2\AspDotNetLab2.csproj", "{A7773DCD-394C-47F0-AA46-B49430E00995}"
EndProject
Global
	GlobalSection(SolutionConfigurationPlatforms) = preSolution
		Debug|Any CPU = Debug|Any CPU
		Release|Any CPU = Release|Any CPU
	EndGlobalSection
	GlobalSection(ProjectConfigurationPlatforms) = postSolution
		{A7773DCD-394C-47F0-AA46-B49430E00995}.Debug|Any CPU.ActiveCfg = Debug|Any CPU
		{A7773DCD-394C-47F0-AA46-B49430E00995}.Debug|Any CPU.Build.0 = Debug|Any CPU
		{A7773DCD-394C-47F0-AA46-B49430E00995}.Release|Any CPU.ActiveCfg = Release|Any CPU
		{A7773DCD-394C-47F0-AA46-B49430E00995}.Release|Any CPU.Build.0 = Release|Any CPU
	EndGlobalSection
	GlobalSection(SolutionProperties) = preSolution
		HideSolutionNode = FALSE
	EndGlobalSection
	GlobalSection(ExtensibilityGlobals) = postSolution
		SolutionGuid = {7E7C18AF-7B1B-4ED8-9857-056FB515CB30}
	EndGlobalSection
EndGlobal
